// !$*UTF8*$!
{
	archiveVersion = 1;
	classes = {
	};
	objectVersion = 46;
	objects = {

/* Begin PBXBuildFile section */
		1A7B34EC14DC27AF006FC5A8 /* UIKit.framework in Frameworks */ = {isa = PBXBuildFile; fileRef = 1A7B34EB14DC27AF006FC5A8 /* UIKit.framework */; };
		1A7B34EE14DC27AF006FC5A8 /* Foundation.framework in Frameworks */ = {isa = PBXBuildFile; fileRef = 1A7B34ED14DC27AF006FC5A8 /* Foundation.framework */; };
		1A7B34F014DC27AF006FC5A8 /* CoreGraphics.framework in Frameworks */ = {isa = PBXBuildFile; fileRef = 1A7B34EF14DC27AF006FC5A8 /* CoreGraphics.framework */; };
		1A7B34F614DC27AF006FC5A8 /* InfoPlist.strings in Resources */ = {isa = PBXBuildFile; fileRef = 1A7B34F414DC27AF006FC5A8 /* InfoPlist.strings */; };
		1A7B34F814DC27AF006FC5A8 /* main.m in Sources */ = {isa = PBXBuildFile; fileRef = 1A7B34F714DC27AF006FC5A8 /* main.m */; };
		1A7B34FC14DC27AF006FC5A8 /* AppDelegate.m in Sources */ = {isa = PBXBuildFile; fileRef = 1A7B34FB14DC27AF006FC5A8 /* AppDelegate.m */; };
/* End PBXBuildFile section */

/* Begin PBXFileReference section */
		1A7B34E714DC27AF006FC5A8 /* MusashiClient.app */ = {isa = PBXFileReference; explicitFileType = wrapper.application; includeInIndex = 0; path = MusashiClient.app; sourceTree = BUILT_PRODUCTS_DIR; };
		1A7B34EB14DC27AF006FC5A8 /* UIKit.framework */ = {isa = PBXFileReference; lastKnownFileType = wrapper.framework; name = UIKit.framework; path = System/Library/Frameworks/UIKit.framework; sourceTree = SDKROOT; };
		1A7B34ED14DC27AF006FC5A8 /* Foundation.framework */ = {isa = PBXFileReference; lastKnownFileType = wrapper.framework; name = Foundation.framework; path = System/Library/Frameworks/Foundation.framework; sourceTree = SDKROOT; };
		1A7B34EF14DC27AF006FC5A8 /* CoreGraphics.framework */ = {isa = PBXFileReference; lastKnownFileType = wrapper.framework; name = CoreGraphics.framework; path = System/Library/Frameworks/CoreGraphics.framework; sourceTree = SDKROOT; };
		1A7B34F314DC27AF006FC5A8 /* MusashiClient-Info.plist */ = {isa = PBXFileReference; path = "MusashiClient-Info.plist"; sourceTree = "<group>"; };
		1A7B34F514DC27AF006FC5A8 /* en */ = {isa = PBXFileReference; lastKnownFileType = text.plist.strings; name = en; path = en.lproj/InfoPlist.strings; sourceTree = "<group>"; };
		1A7B34F714DC27AF006FC5A8 /* main.m */ = {isa = PBXFileReference; lastKnownFileType = sourcecode.c.objc; path = main.m; sourceTree = "<group>"; };
		1A7B34F914DC27AF006FC5A8 /* MusashiClient-Prefix.pch */ = {isa = PBXFileReference; path = "MusashiClient-Prefix.pch"; sourceTree = "<group>"; };
		1A7B34FA14DC27AF006FC5A8 /* AppDelegate.h */ = {isa = PBXFileReference; path = AppDelegate.h; sourceTree = "<group>"; };
		1A7B34FB14DC27AF006FC5A8 /* AppDelegate.m */ = {isa = PBXFileReference; lastKnownFileType = sourcecode.c.objc; path = AppDelegate.m; sourceTree = "<group>"; };
/* End PBXFileReference section */

/* Begin PBXFrameworksBuildPhase section */
		1A7B34E414DC27AF006FC5A8 /* Frameworks */ = {
			isa = PBXFrameworksBuildPhase;
			buildActionMask = 2147483647;
			files = (
				1A7B34EC14DC27AF006FC5A8 /* UIKit.framework in Frameworks */,
				1A7B34EE14DC27AF006FC5A8 /* Foundation.framework in Frameworks */,
				1A7B34F014DC27AF006FC5A8 /* CoreGraphics.framework in Frameworks */,
			);
			runOnlyForDeploymentPostprocessing = 0;
		};
/* End PBXFrameworksBuildPhase section */

/* Begin PBXGroup section */
		1A7B34DC14DC27AF006FC5A8 = {
			isa = PBXGroup;
			children = (
				1A7B34F114DC27AF006FC5A8 /* MusashiClient */,
				1A7B34EA14DC27AF006FC5A8 /* Frameworks */,
				1A7B34E814DC27AF006FC5A8 /* Products */,
			);
			sourceTree = "<group>";
		};
		1A7B34E814DC27AF006FC5A8 /* Products */ = {
			isa = PBXGroup;
			children = (
				1A7B34E714DC27AF006FC5A8 /* MusashiClient.app */,
			);
			name = Products;
			sourceTree = "<group>";
		};
		1A7B34EA14DC27AF006FC5A8 /* Frameworks */ = {
			isa = PBXGroup;
			children = (
				1A7B34EB14DC27AF006FC5A8 /* UIKit.framework */,
				1A7B34ED14DC27AF006FC5A8 /* Foundation.framework */,
				1A7B34EF14DC27AF006FC5A8 /* CoreGraphics.framework */,
			);
			name = Frameworks;
			sourceTree = "<group>";
		};
		1A7B34F114DC27AF006FC5A8 /* MusashiClient */ = {
			isa = PBXGroup;
			children = (
				1A7B34FA14DC27AF006FC5A8 /* AppDelegate.h */,
				1A7B34FB14DC27AF006FC5A8 /* AppDelegate.m */,
				1A7B34F214DC27AF006FC5A8 /* Supporting Files */,
			);
			path = MusashiClient;
			sourceTree = "<group>";
		};
		1A7B34F214DC27AF006FC5A8 /* Supporting Files */ = {
			isa = PBXGroup;
			children = (
				1A7B34F314DC27AF006FC5A8 /* MusashiClient-Info.plist */,
				1A7B34F414DC27AF006FC5A8 /* InfoPlist.strings */,
				1A7B34F714DC27AF006FC5A8 /* main.m */,
				1A7B34F914DC27AF006FC5A8 /* MusashiClient-Prefix.pch */,
			);
			name = "Supporting Files";
			sourceTree = "<group>";
		};
/* End PBXGroup section */

/* Begin PBXNativeTarget section */
		1A7B34E614DC27AF006FC5A8 /* MusashiClient */ = {
			isa = PBXNativeTarget;
			buildConfigurationList = 1A7B34FF14DC27AF006FC5A8 /* Build configuration list for PBXNativeTarget "MusashiClient" */;
			buildPhases = (
				1A7B34E314DC27AF006FC5A8 /* Sources */,
				1A7B34E414DC27AF006FC5A8 /* Frameworks */,
				1A7B34E514DC27AF006FC5A8 /* Resources */,
			);
			buildRules = (
			);
			dependencies = (
			);
			name = MusashiClient;
			productName = MusashiClient;
			productReference = 1A7B34E714DC27AF006FC5A8 /* MusashiClient.app */;
			productType = "com.apple.product-type.application";
		};
/* End PBXNativeTarget section */

/* Begin PBXProject section */
		1A7B34DE14DC27AF006FC5A8 /* Project object */ = {
			isa = PBXProject;
			attributes = {
				LastUpgradeCheck = 0420;
				ORGANIZATIONNAME = "University of Toronto";
			};
			buildConfigurationList = 1A7B34E114DC27AF006FC5A8 /* Build configuration list for PBXProject "MusashiClient" */;
			compatibilityVersion = "Xcode 3.2";
			developmentRegion = English;
			hasScannedForEncodings = 0;
			knownRegions = (
				en,
			);
			mainGroup = 1A7B34DC14DC27AF006FC5A8;
			productRefGroup = 1A7B34E814DC27AF006FC5A8 /* Products */;
			projectDirPath = "";
			projectRoot = "";
			targets = (
				1A7B34E614DC27AF006FC5A8 /* MusashiClient */,
			);
		};
/* End PBXProject section */

/* Begin PBXResourcesBuildPhase section */
		1A7B34E514DC27AF006FC5A8 /* Resources */ = {
			isa = PBXResourcesBuildPhase;
			buildActionMask = 2147483647;
			files = (
				1A7B34F614DC27AF006FC5A8 /* InfoPlist.strings in Resources */,
			);
			runOnlyForDeploymentPostprocessing = 0;
		};
/* End PBXResourcesBuildPhase section */

/* Begin PBXSourcesBuildPhase section */
		1A7B34E314DC27AF006FC5A8 /* Sources */ = {
			isa = PBXSourcesBuildPhase;
			buildActionMask = 2147483647;
			files = (
				1A7B34F814DC27AF006FC5A8 /* main.m in Sources */,
				1A7B34FC14DC27AF006FC5A8 /* AppDelegate.m in Sources */,
			);
			runOnlyForDeploymentPostprocessing = 0;
		};
/* End PBXSourcesBuildPhase section */

/* Begin PBXVariantGroup section */
		1A7B34F414DC27AF006FC5A8 /* InfoPlist.strings */ = {
			isa = PBXVariantGroup;
			children = (
				1A7B34F514DC27AF006FC5A8 /* en */,
			);
			name = InfoPlist.strings;
			sourceTree = "<group>";
		};
/* End PBXVariantGroup section */

/* Begin XCBuildConfiguration section */
		1A7B34FD14DC27AF006FC5A8 /* Debug */ = {
			isa = XCBuildConfiguration;
			buildSettings = {
				ALWAYS_SEARCH_USER_PATHS = NO;
				ARCHS = "$(ARCHS_STANDARD_32_BIT)";
				CLANG_ENABLE_OBJC_ARC = YES;
				"CODE_SIGN_IDENTITY[sdk=iphoneos*]" = "iPhone Developer";
				COPY_PHASE_STRIP = NO;
				GCC_C_LANGUAGE_STANDARD = gnu99;
				GCC_DYNAMIC_NO_PIC = NO;
				GCC_OPTIMIZATION_LEVEL = 0;
				GCC_PREPROCESSOR_DEFINITIONS = (
					"DEBUG=1",
					"$(inherited)",
				);
				GCC_SYMBOLS_PRIVATE_EXTERN = NO;
				GCC_VERSION = com.apple.compilers.llvm.clang.1_0;
				GCC_WARN_ABOUT_MISSING_PROTOTYPES = YES;
				GCC_WARN_ABOUT_RETURN_TYPE = YES;
				GCC_WARN_UNUSED_VARIABLE = YES;
				IPHONEOS_DEPLOYMENT_TARGET = 5.0;
				SDKROOT = iphoneos;
			};
			name = Debug;
		};
		1A7B34FE14DC27AF006FC5A8 /* Release */ = {
			isa = XCBuildConfiguration;
			buildSettings = {
				ALWAYS_SEARCH_USER_PATHS = NO;
				ARCHS = "$(ARCHS_STANDARD_32_BIT)";
				CLANG_ENABLE_OBJC_ARC = YES;
				"CODE_SIGN_IDENTITY[sdk=iphoneos*]" = "iPhone Developer";
				COPY_PHASE_STRIP = YES;
				GCC_C_LANGUAGE_STANDARD = gnu99;
				GCC_VERSION = com.apple.compilers.llvm.clang.1_0;
				GCC_WARN_ABOUT_MISSING_PROTOTYPES = YES;
				GCC_WARN_ABOUT_RETURN_TYPE = YES;
				GCC_WARN_UNUSED_VARIABLE = YES;
				IPHONEOS_DEPLOYMENT_TARGET = 5.0;
				OTHER_CFLAGS = "-DNS_BLOCK_ASSERTIONS=1";
				SDKROOT = iphoneos;
				VALIDATE_PRODUCT = YES;
			};
			name = Release;
		};
		1A7B350014DC27AF006FC5A8 /* Debug */ = {
			isa = XCBuildConfiguration;
			buildSettings = {
				GCC_PRECOMPILE_PREFIX_HEADER = YES;
				GCC_PREFIX_HEADER = "MusashiClient/MusashiClient-Prefix.pch";
				INFOPLIST_FILE = "MusashiClient/MusashiClient-Info.plist";
				PRODUCT_NAME = "$(TARGET_NAME)";
				WRAPPER_EXTENSION = app;
			};
			name = Debug;
		};
		1A7B350114DC27AF006FC5A8 /* Release */ = {
			isa = XCBuildConfiguration;
			buildSettings = {
				GCC_PRECOMPILE_PREFIX_HEADER = YES;
				GCC_PREFIX_HEADER = "MusashiClient/MusashiClient-Prefix.pch";
				INFOPLIST_FILE = "MusashiClient/MusashiClient-Info.plist";
				PRODUCT_NAME = "$(TARGET_NAME)";
				WRAPPER_EXTENSION = app;
			};
			name = Release;
		};
/* End XCBuildConfiguration section */

/* Begin XCConfigurationList section */
		1A7B34E114DC27AF006FC5A8 /* Build configuration list for PBXProject "MusashiClient" */ = {
			isa = XCConfigurationList;
			buildConfigurations = (
				1A7B34FD14DC27AF006FC5A8 /* Debug */,
				1A7B34FE14DC27AF006FC5A8 /* Release */,
			);
			defaultConfigurationIsVisible = 0;
			defaultConfigurationName = Release;
		};
		1A7B34FF14DC27AF006FC5A8 /* Build configuration list for PBXNativeTarget "MusashiClient" */ = {
			isa = XCConfigurationList;
			buildConfigurations = (
				1A7B350014DC27AF006FC5A8 /* Debug */,
				1A7B350114DC27AF006FC5A8 /* Release */,
			);
			defaultConfigurationIsVisible = 0;
		};
/* End XCConfigurationList section */
	};
	rootObject = 1A7B34DE14DC27AF006FC5A8 /* Project object */;
}
