// !$*UTF8*$!
{
	archiveVersion = 1;
	classes = {
	};
	objectVersion = 46;
	objects = {

/* Begin PBXBuildFile section */
		1A49647A14E57082004202E8 /* MainMenuViewController.m in Sources */ = {isa = PBXBuildFile; fileRef = 1A49647814E57082004202E8 /* MainMenuViewController.m */; };
		1A49647B14E57082004202E8 /* MainMenuViewController.xib in Resources */ = {isa = PBXBuildFile; fileRef = 1A49647914E57082004202E8 /* MainMenuViewController.xib */; };
		1A49647D14E59B8C004202E8 /* CoreData.framework in Frameworks */ = {isa = PBXBuildFile; fileRef = 1A49647C14E59B8B004202E8 /* CoreData.framework */; };
		1A69BD6D14E59C5D000A19E8 /* FullTrack.xcdatamodeld in Sources */ = {isa = PBXBuildFile; fileRef = 1A69BD6B14E59C5D000A19E8 /* FullTrack.xcdatamodeld */; };
		1A69BD7014E713B8000A19E8 /* FullTrack.m in Sources */ = {isa = PBXBuildFile; fileRef = 1A69BD6F14E713B8000A19E8 /* FullTrack.m */; };
		1A69BD7314E71D72000A19E8 /* FullTrackStore.m in Sources */ = {isa = PBXBuildFile; fileRef = 1A69BD7214E71D72000A19E8 /* FullTrackStore.m */; };
		1A69BD7A14E72B77000A19E8 /* CatalogViewCell.m in Sources */ = {isa = PBXBuildFile; fileRef = 1A69BD7914E72B77000A19E8 /* CatalogViewCell.m */; };
		1A69BD7D14E73AC3000A19E8 /* FileHelpers.m in Sources */ = {isa = PBXBuildFile; fileRef = 1A69BD7C14E73AC3000A19E8 /* FileHelpers.m */; };
		1A69BD8C14E96F18000A19E8 /* download.png in Resources */ = {isa = PBXBuildFile; fileRef = 1A69BD8B14E96F18000A19E8 /* download.png */; };
		1A69BD8E14E96F22000A19E8 /* inbox.png in Resources */ = {isa = PBXBuildFile; fileRef = 1A69BD8D14E96F22000A19E8 /* inbox.png */; };
		1A69BD9014E9755E000A19E8 /* house.png in Resources */ = {isa = PBXBuildFile; fileRef = 1A69BD8F14E9755E000A19E8 /* house.png */; };
		1A7B34EC14DC27AF006FC5A8 /* UIKit.framework in Frameworks */ = {isa = PBXBuildFile; fileRef = 1A7B34EB14DC27AF006FC5A8 /* UIKit.framework */; };
		1A7B34EE14DC27AF006FC5A8 /* Foundation.framework in Frameworks */ = {isa = PBXBuildFile; fileRef = 1A7B34ED14DC27AF006FC5A8 /* Foundation.framework */; };
		1A7B34F014DC27AF006FC5A8 /* CoreGraphics.framework in Frameworks */ = {isa = PBXBuildFile; fileRef = 1A7B34EF14DC27AF006FC5A8 /* CoreGraphics.framework */; };
		1A7B34F614DC27AF006FC5A8 /* InfoPlist.strings in Resources */ = {isa = PBXBuildFile; fileRef = 1A7B34F414DC27AF006FC5A8 /* InfoPlist.strings */; };
		1A7B34F814DC27AF006FC5A8 /* main.m in Sources */ = {isa = PBXBuildFile; fileRef = 1A7B34F714DC27AF006FC5A8 /* main.m */; };
		1A7B34FC14DC27AF006FC5A8 /* AppDelegate.m in Sources */ = {isa = PBXBuildFile; fileRef = 1A7B34FB14DC27AF006FC5A8 /* AppDelegate.m */; };
		1A7B350314DC27CB006FC5A8 /* MainWindow.xib in Resources */ = {isa = PBXBuildFile; fileRef = 1A7B350214DC27CB006FC5A8 /* MainWindow.xib */; };
		1A7B350E14DC2C07006FC5A8 /* CatalogViewController.m in Sources */ = {isa = PBXBuildFile; fileRef = 1A7B350D14DC2C07006FC5A8 /* CatalogViewController.m */; };
		1A7B351114DC2FBB006FC5A8 /* PreviewCatalog.m in Sources */ = {isa = PBXBuildFile; fileRef = 1A7B351014DC2FBB006FC5A8 /* PreviewCatalog.m */; };
		1A7B351414DC3334006FC5A8 /* CatalogTrack.m in Sources */ = {isa = PBXBuildFile; fileRef = 1A7B351314DC3334006FC5A8 /* CatalogTrack.m */; };
		1A7B351A14DC570E006FC5A8 /* PreviewTrackDetailViewController.xib in Resources */ = {isa = PBXBuildFile; fileRef = 1A7B351914DC570E006FC5A8 /* PreviewTrackDetailViewController.xib */; };
		1A7B351D14DC5743006FC5A8 /* PreviewTrackDetailViewController.m in Sources */ = {isa = PBXBuildFile; fileRef = 1A7B351C14DC5743006FC5A8 /* PreviewTrackDetailViewController.m */; };
		1AA508D914EC43E300A21267 /* FullTrackDetailViewController.m in Sources */ = {isa = PBXBuildFile; fileRef = 1AA508D714EC43E300A21267 /* FullTrackDetailViewController.m */; };
		1AA508DA14EC43E300A21267 /* FullTrackDetailViewController.xib in Resources */ = {isa = PBXBuildFile; fileRef = 1AA508D814EC43E300A21267 /* FullTrackDetailViewController.xib */; };
		1AA508DF14EE981700A21267 /* WorkoutViewController.m in Sources */ = {isa = PBXBuildFile; fileRef = 1AA508DD14EE981700A21267 /* WorkoutViewController.m */; };
		1AA508E014EE981700A21267 /* WorkoutViewController.xib in Resources */ = {isa = PBXBuildFile; fileRef = 1AA508DE14EE981700A21267 /* WorkoutViewController.xib */; };
/* End PBXBuildFile section */

/* Begin PBXFileReference section */
		1A49647714E57082004202E8 /* MainMenuViewController.h */ = {isa = PBXFileReference; fileEncoding = 4; lastKnownFileType = sourcecode.c.h; path = MainMenuViewController.h; sourceTree = "<group>"; };
		1A49647814E57082004202E8 /* MainMenuViewController.m */ = {isa = PBXFileReference; fileEncoding = 4; lastKnownFileType = sourcecode.c.objc; path = MainMenuViewController.m; sourceTree = "<group>"; };
		1A49647914E57082004202E8 /* MainMenuViewController.xib */ = {isa = PBXFileReference; fileEncoding = 4; lastKnownFileType = file.xib; path = MainMenuViewController.xib; sourceTree = "<group>"; };
		1A49647C14E59B8B004202E8 /* CoreData.framework */ = {isa = PBXFileReference; lastKnownFileType = wrapper.framework; name = CoreData.framework; path = System/Library/Frameworks/CoreData.framework; sourceTree = SDKROOT; };
		1A69BD6C14E59C5D000A19E8 /* FullTrack.xcdatamodel */ = {isa = PBXFileReference; lastKnownFileType = wrapper.xcdatamodel; path = FullTrack.xcdatamodel; sourceTree = "<group>"; };
		1A69BD6E14E713B8000A19E8 /* FullTrack.h */ = {isa = PBXFileReference; fileEncoding = 4; lastKnownFileType = sourcecode.c.h; path = FullTrack.h; sourceTree = "<group>"; };
		1A69BD6F14E713B8000A19E8 /* FullTrack.m */ = {isa = PBXFileReference; fileEncoding = 4; lastKnownFileType = sourcecode.c.objc; path = FullTrack.m; sourceTree = "<group>"; };
		1A69BD7114E71D72000A19E8 /* FullTrackStore.h */ = {isa = PBXFileReference; fileEncoding = 4; lastKnownFileType = sourcecode.c.h; path = FullTrackStore.h; sourceTree = "<group>"; };
		1A69BD7214E71D72000A19E8 /* FullTrackStore.m */ = {isa = PBXFileReference; fileEncoding = 4; lastKnownFileType = sourcecode.c.objc; path = FullTrackStore.m; sourceTree = "<group>"; };
		1A69BD7814E72B77000A19E8 /* CatalogViewCell.h */ = {isa = PBXFileReference; fileEncoding = 4; lastKnownFileType = sourcecode.c.h; path = CatalogViewCell.h; sourceTree = "<group>"; };
		1A69BD7914E72B77000A19E8 /* CatalogViewCell.m */ = {isa = PBXFileReference; fileEncoding = 4; lastKnownFileType = sourcecode.c.objc; path = CatalogViewCell.m; sourceTree = "<group>"; };
		1A69BD7B14E73AC2000A19E8 /* FileHelpers.h */ = {isa = PBXFileReference; fileEncoding = 4; lastKnownFileType = sourcecode.c.h; path = FileHelpers.h; sourceTree = "<group>"; };
		1A69BD7C14E73AC3000A19E8 /* FileHelpers.m */ = {isa = PBXFileReference; fileEncoding = 4; lastKnownFileType = sourcecode.c.objc; path = FileHelpers.m; sourceTree = "<group>"; };
		1A69BD8B14E96F18000A19E8 /* download.png */ = {isa = PBXFileReference; lastKnownFileType = image.png; path = download.png; sourceTree = "<group>"; };
		1A69BD8D14E96F22000A19E8 /* inbox.png */ = {isa = PBXFileReference; lastKnownFileType = image.png; path = inbox.png; sourceTree = "<group>"; };
		1A69BD8F14E9755E000A19E8 /* house.png */ = {isa = PBXFileReference; lastKnownFileType = image.png; path = house.png; sourceTree = "<group>"; };
		1A7B34E714DC27AF006FC5A8 /* MusashiClient.app */ = {isa = PBXFileReference; explicitFileType = wrapper.application; includeInIndex = 0; path = MusashiClient.app; sourceTree = BUILT_PRODUCTS_DIR; };
		1A7B34EB14DC27AF006FC5A8 /* UIKit.framework */ = {isa = PBXFileReference; lastKnownFileType = wrapper.framework; name = UIKit.framework; path = System/Library/Frameworks/UIKit.framework; sourceTree = SDKROOT; };
		1A7B34ED14DC27AF006FC5A8 /* Foundation.framework */ = {isa = PBXFileReference; lastKnownFileType = wrapper.framework; name = Foundation.framework; path = System/Library/Frameworks/Foundation.framework; sourceTree = SDKROOT; };
		1A7B34EF14DC27AF006FC5A8 /* CoreGraphics.framework */ = {isa = PBXFileReference; lastKnownFileType = wrapper.framework; name = CoreGraphics.framework; path = System/Library/Frameworks/CoreGraphics.framework; sourceTree = SDKROOT; };
		1A7B34F314DC27AF006FC5A8 /* MusashiClient-Info.plist */ = {isa = PBXFileReference; lastKnownFileType = text.plist.xml; path = "MusashiClient-Info.plist"; sourceTree = "<group>"; };
		1A7B34F514DC27AF006FC5A8 /* en */ = {isa = PBXFileReference; lastKnownFileType = text.plist.strings; name = en; path = en.lproj/InfoPlist.strings; sourceTree = "<group>"; };
		1A7B34F714DC27AF006FC5A8 /* main.m */ = {isa = PBXFileReference; lastKnownFileType = sourcecode.c.objc; path = main.m; sourceTree = "<group>"; };
		1A7B34F914DC27AF006FC5A8 /* MusashiClient-Prefix.pch */ = {isa = PBXFileReference; lastKnownFileType = sourcecode.c.h; path = "MusashiClient-Prefix.pch"; sourceTree = "<group>"; };
		1A7B34FA14DC27AF006FC5A8 /* AppDelegate.h */ = {isa = PBXFileReference; lastKnownFileType = sourcecode.c.h; path = AppDelegate.h; sourceTree = "<group>"; };
		1A7B34FB14DC27AF006FC5A8 /* AppDelegate.m */ = {isa = PBXFileReference; lastKnownFileType = sourcecode.c.objc; path = AppDelegate.m; sourceTree = "<group>"; };
		1A7B350214DC27CB006FC5A8 /* MainWindow.xib */ = {isa = PBXFileReference; fileEncoding = 4; lastKnownFileType = file.xib; path = MainWindow.xib; sourceTree = "<group>"; };
		1A7B350C14DC2C07006FC5A8 /* CatalogViewController.h */ = {isa = PBXFileReference; fileEncoding = 4; lastKnownFileType = sourcecode.c.h; path = CatalogViewController.h; sourceTree = "<group>"; };
		1A7B350D14DC2C07006FC5A8 /* CatalogViewController.m */ = {isa = PBXFileReference; fileEncoding = 4; lastKnownFileType = sourcecode.c.objc; path = CatalogViewController.m; sourceTree = "<group>"; };
		1A7B350F14DC2FBB006FC5A8 /* PreviewCatalog.h */ = {isa = PBXFileReference; fileEncoding = 4; lastKnownFileType = sourcecode.c.h; path = PreviewCatalog.h; sourceTree = "<group>"; };
		1A7B351014DC2FBB006FC5A8 /* PreviewCatalog.m */ = {isa = PBXFileReference; fileEncoding = 4; lastKnownFileType = sourcecode.c.objc; path = PreviewCatalog.m; sourceTree = "<group>"; };
		1A7B351214DC3334006FC5A8 /* CatalogTrack.h */ = {isa = PBXFileReference; fileEncoding = 4; lastKnownFileType = sourcecode.c.h; path = CatalogTrack.h; sourceTree = "<group>"; };
		1A7B351314DC3334006FC5A8 /* CatalogTrack.m */ = {isa = PBXFileReference; fileEncoding = 4; lastKnownFileType = sourcecode.c.objc; path = CatalogTrack.m; sourceTree = "<group>"; };
		1A7B351914DC570E006FC5A8 /* PreviewTrackDetailViewController.xib */ = {isa = PBXFileReference; fileEncoding = 4; lastKnownFileType = file.xib; path = PreviewTrackDetailViewController.xib; sourceTree = "<group>"; };
		1A7B351B14DC5742006FC5A8 /* PreviewTrackDetailViewController.h */ = {isa = PBXFileReference; fileEncoding = 4; lastKnownFileType = sourcecode.c.h; path = PreviewTrackDetailViewController.h; sourceTree = "<group>"; };
		1A7B351C14DC5743006FC5A8 /* PreviewTrackDetailViewController.m */ = {isa = PBXFileReference; fileEncoding = 4; lastKnownFileType = sourcecode.c.objc; path = PreviewTrackDetailViewController.m; sourceTree = "<group>"; };
		1AA508D614EC43E300A21267 /* FullTrackDetailViewController.h */ = {isa = PBXFileReference; fileEncoding = 4; lastKnownFileType = sourcecode.c.h; path = FullTrackDetailViewController.h; sourceTree = "<group>"; };
		1AA508D714EC43E300A21267 /* FullTrackDetailViewController.m */ = {isa = PBXFileReference; fileEncoding = 4; lastKnownFileType = sourcecode.c.objc; path = FullTrackDetailViewController.m; sourceTree = "<group>"; };
		1AA508D814EC43E300A21267 /* FullTrackDetailViewController.xib */ = {isa = PBXFileReference; fileEncoding = 4; lastKnownFileType = file.xib; path = FullTrackDetailViewController.xib; sourceTree = "<group>"; };
		1AA508DC14EE981600A21267 /* WorkoutViewController.h */ = {isa = PBXFileReference; fileEncoding = 4; lastKnownFileType = sourcecode.c.h; path = WorkoutViewController.h; sourceTree = "<group>"; };
		1AA508DD14EE981700A21267 /* WorkoutViewController.m */ = {isa = PBXFileReference; fileEncoding = 4; lastKnownFileType = sourcecode.c.objc; path = WorkoutViewController.m; sourceTree = "<group>"; };
		1AA508DE14EE981700A21267 /* WorkoutViewController.xib */ = {isa = PBXFileReference; fileEncoding = 4; lastKnownFileType = file.xib; path = WorkoutViewController.xib; sourceTree = "<group>"; };
/* End PBXFileReference section */

/* Begin PBXFrameworksBuildPhase section */
		1A7B34E414DC27AF006FC5A8 /* Frameworks */ = {
			isa = PBXFrameworksBuildPhase;
			buildActionMask = 2147483647;
			files = (
				1A49647D14E59B8C004202E8 /* CoreData.framework in Frameworks */,
				1A7B34EC14DC27AF006FC5A8 /* UIKit.framework in Frameworks */,
				1A7B34EE14DC27AF006FC5A8 /* Foundation.framework in Frameworks */,
				1A7B34F014DC27AF006FC5A8 /* CoreGraphics.framework in Frameworks */,
			);
			runOnlyForDeploymentPostprocessing = 0;
		};
/* End PBXFrameworksBuildPhase section */

/* Begin PBXGroup section */
		1A69BD8614E96BB6000A19E8 /* Cells */ = {
			isa = PBXGroup;
			children = (
				1A69BD7814E72B77000A19E8 /* CatalogViewCell.h */,
				1A69BD7914E72B77000A19E8 /* CatalogViewCell.m */,
			);
			name = Cells;
			sourceTree = "<group>";
		};
		1A69BD8714E96BD4000A19E8 /* View Controllers */ = {
			isa = PBXGroup;
			children = (
				1A49647714E57082004202E8 /* MainMenuViewController.h */,
				1A49647814E57082004202E8 /* MainMenuViewController.m */,
				1A49647914E57082004202E8 /* MainMenuViewController.xib */,
				1A7B350C14DC2C07006FC5A8 /* CatalogViewController.h */,
				1A7B350D14DC2C07006FC5A8 /* CatalogViewController.m */,
				1A7B351914DC570E006FC5A8 /* PreviewTrackDetailViewController.xib */,
				1A7B351B14DC5742006FC5A8 /* PreviewTrackDetailViewController.h */,
				1A7B351C14DC5743006FC5A8 /* PreviewTrackDetailViewController.m */,
				1AA508D614EC43E300A21267 /* FullTrackDetailViewController.h */,
				1AA508D714EC43E300A21267 /* FullTrackDetailViewController.m */,
				1AA508D814EC43E300A21267 /* FullTrackDetailViewController.xib */,
				1AA508DC14EE981600A21267 /* WorkoutViewController.h */,
				1AA508DD14EE981700A21267 /* WorkoutViewController.m */,
				1AA508DE14EE981700A21267 /* WorkoutViewController.xib */,
			);
			name = "View Controllers";
			sourceTree = "<group>";
		};
		1A69BD8814E96C00000A19E8 /* Tracks */ = {
			isa = PBXGroup;
			children = (
				1A69BD7114E71D72000A19E8 /* FullTrackStore.h */,
				1A69BD7214E71D72000A19E8 /* FullTrackStore.m */,
				1A69BD8914E96C33000A19E8 /* Preview & Catalog */,
				1A69BD6B14E59C5D000A19E8 /* FullTrack.xcdatamodeld */,
				1A69BD6E14E713B8000A19E8 /* FullTrack.h */,
				1A69BD6F14E713B8000A19E8 /* FullTrack.m */,
			);
			name = Tracks;
			sourceTree = "<group>";
		};
		1A69BD8914E96C33000A19E8 /* Preview & Catalog */ = {
			isa = PBXGroup;
			children = (
				1A7B351214DC3334006FC5A8 /* CatalogTrack.h */,
				1A7B351314DC3334006FC5A8 /* CatalogTrack.m */,
				1A7B350F14DC2FBB006FC5A8 /* PreviewCatalog.h */,
				1A7B351014DC2FBB006FC5A8 /* PreviewCatalog.m */,
			);
			name = "Preview & Catalog";
			sourceTree = "<group>";
		};
		1A69BD8A14E96EEE000A19E8 /* Images */ = {
			isa = PBXGroup;
			children = (
				1A69BD8F14E9755E000A19E8 /* house.png */,
				1A69BD8B14E96F18000A19E8 /* download.png */,
				1A69BD8D14E96F22000A19E8 /* inbox.png */,
			);
			name = Images;
			sourceTree = "<group>";
		};
		1A7B34DC14DC27AF006FC5A8 = {
			isa = PBXGroup;
			children = (
				1A7B34F114DC27AF006FC5A8 /* MusashiClient */,
				1A7B34EA14DC27AF006FC5A8 /* Frameworks */,
				1A7B34E814DC27AF006FC5A8 /* Products */,
			);
			sourceTree = "<group>";
		};
		1A7B34E814DC27AF006FC5A8 /* Products */ = {
			isa = PBXGroup;
			children = (
				1A7B34E714DC27AF006FC5A8 /* MusashiClient.app */,
			);
			name = Products;
			sourceTree = "<group>";
		};
		1A7B34EA14DC27AF006FC5A8 /* Frameworks */ = {
			isa = PBXGroup;
			children = (
				1A49647C14E59B8B004202E8 /* CoreData.framework */,
				1A7B34EB14DC27AF006FC5A8 /* UIKit.framework */,
				1A7B34ED14DC27AF006FC5A8 /* Foundation.framework */,
				1A7B34EF14DC27AF006FC5A8 /* CoreGraphics.framework */,
			);
			name = Frameworks;
			sourceTree = "<group>";
		};
		1A7B34F114DC27AF006FC5A8 /* MusashiClient */ = {
			isa = PBXGroup;
			children = (
				1A69BD8A14E96EEE000A19E8 /* Images */,
				1A69BD8714E96BD4000A19E8 /* View Controllers */,
				1A7B34FA14DC27AF006FC5A8 /* AppDelegate.h */,
				1A7B34FB14DC27AF006FC5A8 /* AppDelegate.m */,
				1A69BD8614E96BB6000A19E8 /* Cells */,
				1A69BD8814E96C00000A19E8 /* Tracks */,
				1A69BD7B14E73AC2000A19E8 /* FileHelpers.h */,
				1A69BD7C14E73AC3000A19E8 /* FileHelpers.m */,
				1A7B34F214DC27AF006FC5A8 /* Supporting Files */,
			);
			path = MusashiClient;
			sourceTree = "<group>";
		};
		1A7B34F214DC27AF006FC5A8 /* Supporting Files */ = {
			isa = PBXGroup;
			children = (
				1A7B350214DC27CB006FC5A8 /* MainWindow.xib */,
				1A7B34F314DC27AF006FC5A8 /* MusashiClient-Info.plist */,
				1A7B34F414DC27AF006FC5A8 /* InfoPlist.strings */,
				1A7B34F714DC27AF006FC5A8 /* main.m */,
				1A7B34F914DC27AF006FC5A8 /* MusashiClient-Prefix.pch */,
			);
			name = "Supporting Files";
			sourceTree = "<group>";
		};
/* End PBXGroup section */

/* Begin PBXNativeTarget section */
		1A7B34E614DC27AF006FC5A8 /* MusashiClient */ = {
			isa = PBXNativeTarget;
			buildConfigurationList = 1A7B34FF14DC27AF006FC5A8 /* Build configuration list for PBXNativeTarget "MusashiClient" */;
			buildPhases = (
				1A7B34E314DC27AF006FC5A8 /* Sources */,
				1A7B34E414DC27AF006FC5A8 /* Frameworks */,
				1A7B34E514DC27AF006FC5A8 /* Resources */,
			);
			buildRules = (
			);
			dependencies = (
			);
			name = MusashiClient;
			productName = MusashiClient;
			productReference = 1A7B34E714DC27AF006FC5A8 /* MusashiClient.app */;
			productType = "com.apple.product-type.application";
		};
/* End PBXNativeTarget section */

/* Begin PBXProject section */
		1A7B34DE14DC27AF006FC5A8 /* Project object */ = {
			isa = PBXProject;
			attributes = {
				LastUpgradeCheck = 0420;
				ORGANIZATIONNAME = "University of Toronto";
			};
			buildConfigurationList = 1A7B34E114DC27AF006FC5A8 /* Build configuration list for PBXProject "MusashiClient" */;
			compatibilityVersion = "Xcode 3.2";
			developmentRegion = English;
			hasScannedForEncodings = 0;
			knownRegions = (
				en,
			);
			mainGroup = 1A7B34DC14DC27AF006FC5A8;
			productRefGroup = 1A7B34E814DC27AF006FC5A8 /* Products */;
			projectDirPath = "";
			projectRoot = "";
			targets = (
				1A7B34E614DC27AF006FC5A8 /* MusashiClient */,
			);
		};
/* End PBXProject section */

/* Begin PBXResourcesBuildPhase section */
		1A7B34E514DC27AF006FC5A8 /* Resources */ = {
			isa = PBXResourcesBuildPhase;
			buildActionMask = 2147483647;
			files = (
				1A7B34F614DC27AF006FC5A8 /* InfoPlist.strings in Resources */,
				1A7B350314DC27CB006FC5A8 /* MainWindow.xib in Resources */,
				1A7B351A14DC570E006FC5A8 /* PreviewTrackDetailViewController.xib in Resources */,
				1A49647B14E57082004202E8 /* MainMenuViewController.xib in Resources */,
				1A69BD8C14E96F18000A19E8 /* download.png in Resources */,
				1A69BD8E14E96F22000A19E8 /* inbox.png in Resources */,
				1A69BD9014E9755E000A19E8 /* house.png in Resources */,
				1AA508DA14EC43E300A21267 /* FullTrackDetailViewController.xib in Resources */,
				1AA508E014EE981700A21267 /* WorkoutViewController.xib in Resources */,
			);
			runOnlyForDeploymentPostprocessing = 0;
		};
/* End PBXResourcesBuildPhase section */

/* Begin PBXSourcesBuildPhase section */
		1A7B34E314DC27AF006FC5A8 /* Sources */ = {
			isa = PBXSourcesBuildPhase;
			buildActionMask = 2147483647;
			files = (
				1A7B34F814DC27AF006FC5A8 /* main.m in Sources */,
				1A7B34FC14DC27AF006FC5A8 /* AppDelegate.m in Sources */,
				1A7B350E14DC2C07006FC5A8 /* CatalogViewController.m in Sources */,
				1A7B351114DC2FBB006FC5A8 /* PreviewCatalog.m in Sources */,
				1A7B351414DC3334006FC5A8 /* CatalogTrack.m in Sources */,
				1A7B351D14DC5743006FC5A8 /* PreviewTrackDetailViewController.m in Sources */,
				1A49647A14E57082004202E8 /* MainMenuViewController.m in Sources */,
				1A69BD6D14E59C5D000A19E8 /* FullTrack.xcdatamodeld in Sources */,
				1A69BD7014E713B8000A19E8 /* FullTrack.m in Sources */,
				1A69BD7314E71D72000A19E8 /* FullTrackStore.m in Sources */,
				1A69BD7A14E72B77000A19E8 /* CatalogViewCell.m in Sources */,
				1A69BD7D14E73AC3000A19E8 /* FileHelpers.m in Sources */,
				1AA508D914EC43E300A21267 /* FullTrackDetailViewController.m in Sources */,
				1AA508DF14EE981700A21267 /* WorkoutViewController.m in Sources */,
			);
			runOnlyForDeploymentPostprocessing = 0;
		};
/* End PBXSourcesBuildPhase section */

/* Begin PBXVariantGroup section */
		1A7B34F414DC27AF006FC5A8 /* InfoPlist.strings */ = {
			isa = PBXVariantGroup;
			children = (
				1A7B34F514DC27AF006FC5A8 /* en */,
			);
			name = InfoPlist.strings;
			sourceTree = "<group>";
		};
/* End PBXVariantGroup section */

/* Begin XCBuildConfiguration section */
		1A7B34FD14DC27AF006FC5A8 /* Debug */ = {
			isa = XCBuildConfiguration;
			buildSettings = {
				ALWAYS_SEARCH_USER_PATHS = NO;
				ARCHS = "$(ARCHS_STANDARD_32_BIT)";
				CLANG_ENABLE_OBJC_ARC = YES;
				"CODE_SIGN_IDENTITY[sdk=iphoneos*]" = "iPhone Developer";
				COPY_PHASE_STRIP = NO;
				GCC_C_LANGUAGE_STANDARD = gnu99;
				GCC_DYNAMIC_NO_PIC = NO;
				GCC_OPTIMIZATION_LEVEL = 0;
				GCC_PREPROCESSOR_DEFINITIONS = (
					"DEBUG=1",
					"$(inherited)",
				);
				GCC_SYMBOLS_PRIVATE_EXTERN = NO;
				GCC_VERSION = com.apple.compilers.llvm.clang.1_0;
				GCC_WARN_ABOUT_MISSING_PROTOTYPES = YES;
				GCC_WARN_ABOUT_RETURN_TYPE = YES;
				GCC_WARN_UNUSED_VARIABLE = YES;
				IPHONEOS_DEPLOYMENT_TARGET = 5.0;
				SDKROOT = iphoneos;
			};
			name = Debug;
		};
		1A7B34FE14DC27AF006FC5A8 /* Release */ = {
			isa = XCBuildConfiguration;
			buildSettings = {
				ALWAYS_SEARCH_USER_PATHS = NO;
				ARCHS = "$(ARCHS_STANDARD_32_BIT)";
				CLANG_ENABLE_OBJC_ARC = YES;
				"CODE_SIGN_IDENTITY[sdk=iphoneos*]" = "iPhone Developer";
				COPY_PHASE_STRIP = YES;
				GCC_C_LANGUAGE_STANDARD = gnu99;
				GCC_VERSION = com.apple.compilers.llvm.clang.1_0;
				GCC_WARN_ABOUT_MISSING_PROTOTYPES = YES;
				GCC_WARN_ABOUT_RETURN_TYPE = YES;
				GCC_WARN_UNUSED_VARIABLE = YES;
				IPHONEOS_DEPLOYMENT_TARGET = 5.0;
				OTHER_CFLAGS = "-DNS_BLOCK_ASSERTIONS=1";
				SDKROOT = iphoneos;
				VALIDATE_PRODUCT = YES;
			};
			name = Release;
		};
		1A7B350014DC27AF006FC5A8 /* Debug */ = {
			isa = XCBuildConfiguration;
			buildSettings = {
				FRAMEWORK_SEARCH_PATHS = "";
				GCC_PRECOMPILE_PREFIX_HEADER = YES;
				GCC_PREFIX_HEADER = "MusashiClient/MusashiClient-Prefix.pch";
				INFOPLIST_FILE = "MusashiClient/MusashiClient-Info.plist";
				IPHONEOS_DEPLOYMENT_TARGET = 5.0;
				PRODUCT_NAME = "$(TARGET_NAME)";
				WRAPPER_EXTENSION = app;
			};
			name = Debug;
		};
		1A7B350114DC27AF006FC5A8 /* Release */ = {
			isa = XCBuildConfiguration;
			buildSettings = {
				FRAMEWORK_SEARCH_PATHS = "";
				GCC_PRECOMPILE_PREFIX_HEADER = YES;
				GCC_PREFIX_HEADER = "MusashiClient/MusashiClient-Prefix.pch";
				INFOPLIST_FILE = "MusashiClient/MusashiClient-Info.plist";
				IPHONEOS_DEPLOYMENT_TARGET = 5.0;
				PRODUCT_NAME = "$(TARGET_NAME)";
				WRAPPER_EXTENSION = app;
			};
			name = Release;
		};
/* End XCBuildConfiguration section */

/* Begin XCConfigurationList section */
		1A7B34E114DC27AF006FC5A8 /* Build configuration list for PBXProject "MusashiClient" */ = {
			isa = XCConfigurationList;
			buildConfigurations = (
				1A7B34FD14DC27AF006FC5A8 /* Debug */,
				1A7B34FE14DC27AF006FC5A8 /* Release */,
			);
			defaultConfigurationIsVisible = 0;
			defaultConfigurationName = Release;
		};
		1A7B34FF14DC27AF006FC5A8 /* Build configuration list for PBXNativeTarget "MusashiClient" */ = {
			isa = XCConfigurationList;
			buildConfigurations = (
				1A7B350014DC27AF006FC5A8 /* Debug */,
				1A7B350114DC27AF006FC5A8 /* Release */,
			);
			defaultConfigurationIsVisible = 0;
			defaultConfigurationName = Release;
		};
/* End XCConfigurationList section */

/* Begin XCVersionGroup section */
		1A69BD6B14E59C5D000A19E8 /* FullTrack.xcdatamodeld */ = {
			isa = XCVersionGroup;
			children = (
				1A69BD6C14E59C5D000A19E8 /* FullTrack.xcdatamodel */,
			);
			currentVersion = 1A69BD6C14E59C5D000A19E8 /* FullTrack.xcdatamodel */;
			path = FullTrack.xcdatamodeld;
			sourceTree = "<group>";
			versionGroupType = wrapper.xcdatamodel;
		};
/* End XCVersionGroup section */
	};
	rootObject = 1A7B34DE14DC27AF006FC5A8 /* Project object */;
}
